
Microsoft Visual Studio Solution File, Format Version 12.00
# Visual Studio Version 17
VisualStudioVersion = 17.9.34622.214
MinimumVisualStudioVersion = 10.0.40219.1
Project("{FAE04EC0-301F-11D3-BF4B-00C04F79EFBC}") = "HotelListing.MinimalAPI", "HotelListing.MinimalAPI\HotelListing.MinimalAPI.csproj", "{63CFA61F-782B-4920-A261-635544CFDCCD}"
EndProject
Project("{FAE04EC0-301F-11D3-BF4B-00C04F79EFBC}") = "HotelListing.API", "HotelListing.API\HotelListing.API.csproj", "{7338E638-CEEF-46AC-BA6A-75C0B33AF6C5}"
EndProject
Global
	GlobalSection(SolutionConfigurationPlatforms) = preSolution
		Debug|Any CPU = Debug|Any CPU
		Release|Any CPU = Release|Any CPU
	EndGlobalSection
	GlobalSection(ProjectConfigurationPlatforms) = postSolution
		{63CFA61F-782B-4920-A261-635544CFDCCD}.Debug|Any CPU.ActiveCfg = Debug|Any CPU
		{63CFA61F-782B-4920-A261-635544CFDCCD}.Debug|Any CPU.Build.0 = Debug|Any CPU
		{63CFA61F-782B-4920-A261-635544CFDCCD}.Release|Any CPU.ActiveCfg = Release|Any CPU
		{63CFA61F-782B-4920-A261-635544CFDCCD}.Release|Any CPU.Build.0 = Release|Any CPU
		{7338E638-CEEF-46AC-BA6A-75C0B33AF6C5}.Debug|Any CPU.ActiveCfg = Debug|Any CPU
		{7338E638-CEEF-46AC-BA6A-75C0B33AF6C5}.Debug|Any CPU.Build.0 = Debug|Any CPU
		{7338E638-CEEF-46AC-BA6A-75C0B33AF6C5}.Release|Any CPU.ActiveCfg = Release|Any CPU
		{7338E638-CEEF-46AC-BA6A-75C0B33AF6C5}.Release|Any CPU.Build.0 = Release|Any CPU
	EndGlobalSection
	GlobalSection(SolutionProperties) = preSolution
		HideSolutionNode = FALSE
	EndGlobalSection
	GlobalSection(ExtensibilityGlobals) = postSolution
		SolutionGuid = {014AB938-CD3E-4E19-9105-10206B10AE4F}
	EndGlobalSection
EndGlobal
